
Microsoft Visual Studio Solution File, Format Version 12.00
# Visual Studio Version 16
VisualStudioVersion = 16.0.29418.71
MinimumVisualStudioVersion = 10.0.40219.1
Project("{FAE04EC0-301F-11D3-BF4B-00C04F79EFBC}") = "ApiGateway", "ApiGateway.csproj", "{51A85A9C-2CDF-45B5-8072-9945768B2104}"
EndProject
Global
	GlobalSection(SolutionConfigurationPlatforms) = preSolution
		Debug|Any CPU = Debug|Any CPU
		Release|Any CPU = Release|Any CPU
	EndGlobalSection
	GlobalSection(ProjectConfigurationPlatforms) = postSolution
		{51A85A9C-2CDF-45B5-8072-9945768B2104}.Debug|Any CPU.ActiveCfg = Debug|Any CPU
		{51A85A9C-2CDF-45B5-8072-9945768B2104}.Debug|Any CPU.Build.0 = Debug|Any CPU
		{51A85A9C-2CDF-45B5-8072-9945768B2104}.Release|Any CPU.ActiveCfg = Release|Any CPU
		{51A85A9C-2CDF-45B5-8072-9945768B2104}.Release|Any CPU.Build.0 = Release|Any CPU
	EndGlobalSection
	GlobalSection(SolutionProperties) = preSolution
		HideSolutionNode = FALSE
	EndGlobalSection
	GlobalSection(ExtensibilityGlobals) = postSolution
		SolutionGuid = {D64757B8-608A-44B7-BA89-03435D7391B6}
	EndGlobalSection
EndGlobal
