
Microsoft Visual Studio Solution File, Format Version 12.00
# Visual Studio Version 16
VisualStudioVersion = 16.0.29418.71
MinimumVisualStudioVersion = 10.0.40219.1
Project("{9A19103F-16F7-4668-BE54-9A1E7A4F7556}") = "UsersService", "UsersService\UsersService.csproj", "{BD40257E-CB41-46B6-9798-858323855486}"
EndProject
Global
	GlobalSection(SolutionConfigurationPlatforms) = preSolution
		Debug|Any CPU = Debug|Any CPU
		Release|Any CPU = Release|Any CPU
	EndGlobalSection
	GlobalSection(ProjectConfigurationPlatforms) = postSolution
		{BD40257E-CB41-46B6-9798-858323855486}.Debug|Any CPU.ActiveCfg = Debug|Any CPU
		{BD40257E-CB41-46B6-9798-858323855486}.Debug|Any CPU.Build.0 = Debug|Any CPU
		{BD40257E-CB41-46B6-9798-858323855486}.Release|Any CPU.ActiveCfg = Release|Any CPU
		{BD40257E-CB41-46B6-9798-858323855486}.Release|Any CPU.Build.0 = Release|Any CPU
	EndGlobalSection
	GlobalSection(SolutionProperties) = preSolution
		HideSolutionNode = FALSE
	EndGlobalSection
	GlobalSection(ExtensibilityGlobals) = postSolution
		SolutionGuid = {20768488-E93A-45E9-BB73-C776DDD2B8DC}
	EndGlobalSection
EndGlobal
