
Microsoft Visual Studio Solution File, Format Version 12.00
# Visual Studio Version 16
VisualStudioVersion = 16.0.29418.71
MinimumVisualStudioVersion = 10.0.40219.1
Project("{9A19103F-16F7-4668-BE54-9A1E7A4F7556}") = "UsersService", "UsersService.csproj", "{BD40257E-CB41-46B6-9798-858323855486}"
EndProject
Project("{9A19103F-16F7-4668-BE54-9A1E7A4F7556}") = "DataModel", "DataModel\DataModel.csproj", "{81A0425C-0C95-4839-8954-92ECCA96EDA3}"
EndProject
Project("{9A19103F-16F7-4668-BE54-9A1E7A4F7556}") = "Events", "..\Events\Events.csproj", "{F9251D74-5927-444A-B900-80183F447CA6}"
EndProject
Project("{9A19103F-16F7-4668-BE54-9A1E7A4F7556}") = "Infrastructure", "..\..\Infrastructure\Infrastructure.csproj", "{1674ED29-B0E7-43CB-87EB-1A51A1C6A274}"
EndProject
Global
	GlobalSection(SolutionConfigurationPlatforms) = preSolution
		Debug|Any CPU = Debug|Any CPU
		Release|Any CPU = Release|Any CPU
	EndGlobalSection
	GlobalSection(ProjectConfigurationPlatforms) = postSolution
		{BD40257E-CB41-46B6-9798-858323855486}.Debug|Any CPU.ActiveCfg = Debug|Any CPU
		{BD40257E-CB41-46B6-9798-858323855486}.Debug|Any CPU.Build.0 = Debug|Any CPU
		{BD40257E-CB41-46B6-9798-858323855486}.Release|Any CPU.ActiveCfg = Release|Any CPU
		{BD40257E-CB41-46B6-9798-858323855486}.Release|Any CPU.Build.0 = Release|Any CPU
		{81A0425C-0C95-4839-8954-92ECCA96EDA3}.Debug|Any CPU.ActiveCfg = Debug|Any CPU
		{81A0425C-0C95-4839-8954-92ECCA96EDA3}.Debug|Any CPU.Build.0 = Debug|Any CPU
		{81A0425C-0C95-4839-8954-92ECCA96EDA3}.Release|Any CPU.ActiveCfg = Release|Any CPU
		{81A0425C-0C95-4839-8954-92ECCA96EDA3}.Release|Any CPU.Build.0 = Release|Any CPU
		{F9251D74-5927-444A-B900-80183F447CA6}.Debug|Any CPU.ActiveCfg = Debug|Any CPU
		{F9251D74-5927-444A-B900-80183F447CA6}.Debug|Any CPU.Build.0 = Debug|Any CPU
		{F9251D74-5927-444A-B900-80183F447CA6}.Release|Any CPU.ActiveCfg = Release|Any CPU
		{F9251D74-5927-444A-B900-80183F447CA6}.Release|Any CPU.Build.0 = Release|Any CPU
		{1674ED29-B0E7-43CB-87EB-1A51A1C6A274}.Debug|Any CPU.ActiveCfg = Debug|Any CPU
		{1674ED29-B0E7-43CB-87EB-1A51A1C6A274}.Debug|Any CPU.Build.0 = Debug|Any CPU
		{1674ED29-B0E7-43CB-87EB-1A51A1C6A274}.Release|Any CPU.ActiveCfg = Release|Any CPU
		{1674ED29-B0E7-43CB-87EB-1A51A1C6A274}.Release|Any CPU.Build.0 = Release|Any CPU
	EndGlobalSection
	GlobalSection(SolutionProperties) = preSolution
		HideSolutionNode = FALSE
	EndGlobalSection
	GlobalSection(ExtensibilityGlobals) = postSolution
		SolutionGuid = {20768488-E93A-45E9-BB73-C776DDD2B8DC}
	EndGlobalSection
EndGlobal
