
Microsoft Visual Studio Solution File, Format Version 12.00
# Visual Studio Version 16
VisualStudioVersion = 16.0.29418.71
MinimumVisualStudioVersion = 10.0.40219.1
Project("{9A19103F-16F7-4668-BE54-9A1E7A4F7556}") = "UsersService", "UsersService\UsersService.csproj", "{B24FC5BF-DD23-407E-8609-963EC4C9DAFF}"
EndProject
Project("{9A19103F-16F7-4668-BE54-9A1E7A4F7556}") = "DataModel", "DataModel\DataModel.csproj", "{8722168E-6726-4D1C-A9E5-861D4A9D1D97}"
EndProject
Project("{9A19103F-16F7-4668-BE54-9A1E7A4F7556}") = "UnitTest", "UnitTest\UnitTest.csproj", "{2E88E18C-56C9-45D8-8AC5-01192009F0CF}"
EndProject
Project("{9A19103F-16F7-4668-BE54-9A1E7A4F7556}") = "Events", "..\Events\Events.csproj", "{D41B5895-8E8B-40E7-8366-480796A629D6}"
EndProject
Global
	GlobalSection(SolutionConfigurationPlatforms) = preSolution
		Debug|Any CPU = Debug|Any CPU
		Release|Any CPU = Release|Any CPU
	EndGlobalSection
	GlobalSection(ProjectConfigurationPlatforms) = postSolution
		{B24FC5BF-DD23-407E-8609-963EC4C9DAFF}.Debug|Any CPU.ActiveCfg = Debug|Any CPU
		{B24FC5BF-DD23-407E-8609-963EC4C9DAFF}.Debug|Any CPU.Build.0 = Debug|Any CPU
		{B24FC5BF-DD23-407E-8609-963EC4C9DAFF}.Release|Any CPU.ActiveCfg = Release|Any CPU
		{B24FC5BF-DD23-407E-8609-963EC4C9DAFF}.Release|Any CPU.Build.0 = Release|Any CPU
		{8722168E-6726-4D1C-A9E5-861D4A9D1D97}.Debug|Any CPU.ActiveCfg = Debug|Any CPU
		{8722168E-6726-4D1C-A9E5-861D4A9D1D97}.Debug|Any CPU.Build.0 = Debug|Any CPU
		{8722168E-6726-4D1C-A9E5-861D4A9D1D97}.Release|Any CPU.ActiveCfg = Release|Any CPU
		{8722168E-6726-4D1C-A9E5-861D4A9D1D97}.Release|Any CPU.Build.0 = Release|Any CPU
		{2E88E18C-56C9-45D8-8AC5-01192009F0CF}.Debug|Any CPU.ActiveCfg = Debug|Any CPU
		{2E88E18C-56C9-45D8-8AC5-01192009F0CF}.Debug|Any CPU.Build.0 = Debug|Any CPU
		{2E88E18C-56C9-45D8-8AC5-01192009F0CF}.Release|Any CPU.ActiveCfg = Release|Any CPU
		{2E88E18C-56C9-45D8-8AC5-01192009F0CF}.Release|Any CPU.Build.0 = Release|Any CPU
		{D41B5895-8E8B-40E7-8366-480796A629D6}.Debug|Any CPU.ActiveCfg = Debug|Any CPU
		{D41B5895-8E8B-40E7-8366-480796A629D6}.Debug|Any CPU.Build.0 = Debug|Any CPU
		{D41B5895-8E8B-40E7-8366-480796A629D6}.Release|Any CPU.ActiveCfg = Release|Any CPU
		{D41B5895-8E8B-40E7-8366-480796A629D6}.Release|Any CPU.Build.0 = Release|Any CPU
	EndGlobalSection
	GlobalSection(SolutionProperties) = preSolution
		HideSolutionNode = FALSE
	EndGlobalSection
	GlobalSection(ExtensibilityGlobals) = postSolution
		SolutionGuid = {5C913D3E-3D88-4F47-9E7E-59C322CDE26D}
	EndGlobalSection
EndGlobal
