
Microsoft Visual Studio Solution File, Format Version 12.00
# Visual Studio Version 16
VisualStudioVersion = 16.0.29418.71
MinimumVisualStudioVersion = 10.0.40219.1
Project("{FAE04EC0-301F-11D3-BF4B-00C04F79EFBC}") = "Events", "Events.csproj", "{AF3156D0-3A8A-442A-B65B-64D0B025B79B}"
EndProject
Global
	GlobalSection(SolutionConfigurationPlatforms) = preSolution
		Debug|Any CPU = Debug|Any CPU
		Release|Any CPU = Release|Any CPU
	EndGlobalSection
	GlobalSection(ProjectConfigurationPlatforms) = postSolution
		{AF3156D0-3A8A-442A-B65B-64D0B025B79B}.Debug|Any CPU.ActiveCfg = Debug|Any CPU
		{AF3156D0-3A8A-442A-B65B-64D0B025B79B}.Debug|Any CPU.Build.0 = Debug|Any CPU
		{AF3156D0-3A8A-442A-B65B-64D0B025B79B}.Release|Any CPU.ActiveCfg = Release|Any CPU
		{AF3156D0-3A8A-442A-B65B-64D0B025B79B}.Release|Any CPU.Build.0 = Release|Any CPU
	EndGlobalSection
	GlobalSection(SolutionProperties) = preSolution
		HideSolutionNode = FALSE
	EndGlobalSection
	GlobalSection(ExtensibilityGlobals) = postSolution
		SolutionGuid = {4CBE9902-A41A-438B-9353-BC124CB68C79}
	EndGlobalSection
EndGlobal
