
Microsoft Visual Studio Solution File, Format Version 12.00
# Visual Studio Version 16
VisualStudioVersion = 16.0.28621.142
MinimumVisualStudioVersion = 10.0.40219.1
Project("{9A19103F-16F7-4668-BE54-9A1E7A4F7556}") = "MicroserviceBase", "MicroserviceBase\MicroserviceBase.csproj", "{FC8AFD9E-2DB2-480C-9629-7DBD5E130041}"
EndProject
Project("{9A19103F-16F7-4668-BE54-9A1E7A4F7556}") = "MicroserviceTestBase", "MicroserviceTestBase\MicroserviceTestBase.csproj", "{D2030F2B-2582-41F2-8516-731B9963709B}"
EndProject
Project("{9A19103F-16F7-4668-BE54-9A1E7A4F7556}") = "Base", "..\..\Base\Base\Base.csproj", "{CA796C93-38E0-4DBD-A3D4-7B3D3AFA30F7}"
EndProject
Global
	GlobalSection(SolutionConfigurationPlatforms) = preSolution
		Debug|Any CPU = Debug|Any CPU
		Release|Any CPU = Release|Any CPU
	EndGlobalSection
	GlobalSection(ProjectConfigurationPlatforms) = postSolution
		{FC8AFD9E-2DB2-480C-9629-7DBD5E130041}.Debug|Any CPU.ActiveCfg = Debug|Any CPU
		{FC8AFD9E-2DB2-480C-9629-7DBD5E130041}.Debug|Any CPU.Build.0 = Debug|Any CPU
		{FC8AFD9E-2DB2-480C-9629-7DBD5E130041}.Release|Any CPU.ActiveCfg = Release|Any CPU
		{FC8AFD9E-2DB2-480C-9629-7DBD5E130041}.Release|Any CPU.Build.0 = Release|Any CPU
		{D2030F2B-2582-41F2-8516-731B9963709B}.Debug|Any CPU.ActiveCfg = Debug|Any CPU
		{D2030F2B-2582-41F2-8516-731B9963709B}.Debug|Any CPU.Build.0 = Debug|Any CPU
		{D2030F2B-2582-41F2-8516-731B9963709B}.Release|Any CPU.ActiveCfg = Release|Any CPU
		{D2030F2B-2582-41F2-8516-731B9963709B}.Release|Any CPU.Build.0 = Release|Any CPU
		{CA796C93-38E0-4DBD-A3D4-7B3D3AFA30F7}.Debug|Any CPU.ActiveCfg = Debug|Any CPU
		{CA796C93-38E0-4DBD-A3D4-7B3D3AFA30F7}.Debug|Any CPU.Build.0 = Debug|Any CPU
		{CA796C93-38E0-4DBD-A3D4-7B3D3AFA30F7}.Release|Any CPU.ActiveCfg = Release|Any CPU
		{CA796C93-38E0-4DBD-A3D4-7B3D3AFA30F7}.Release|Any CPU.Build.0 = Release|Any CPU
	EndGlobalSection
	GlobalSection(SolutionProperties) = preSolution
		HideSolutionNode = FALSE
	EndGlobalSection
	GlobalSection(ExtensibilityGlobals) = postSolution
		SolutionGuid = {2F612ABF-55E9-4BEF-91C4-F315D6F36280}
	EndGlobalSection
EndGlobal
