
Microsoft Visual Studio Solution File, Format Version 12.00
# Visual Studio Version 16
VisualStudioVersion = 16.0.28803.156
MinimumVisualStudioVersion = 10.0.40219.1
Project("{FAE04EC0-301F-11D3-BF4B-00C04F79EFBC}") = "ApiGraphQL", "ApiGraphQL\ApiGraphQL.csproj", "{92317229-8943-4999-AF26-3B21EF68F686}"
EndProject
Project("{9A19103F-16F7-4668-BE54-9A1E7A4F7556}") = "Base", "..\..\Base\Base\Base.csproj", "{75C358F1-3758-496A-9007-7414EE6E5FE7}"
EndProject
Global
	GlobalSection(SolutionConfigurationPlatforms) = preSolution
		Debug|Any CPU = Debug|Any CPU
		Release|Any CPU = Release|Any CPU
	EndGlobalSection
	GlobalSection(ProjectConfigurationPlatforms) = postSolution
		{92317229-8943-4999-AF26-3B21EF68F686}.Debug|Any CPU.ActiveCfg = Debug|Any CPU
		{92317229-8943-4999-AF26-3B21EF68F686}.Debug|Any CPU.Build.0 = Debug|Any CPU
		{92317229-8943-4999-AF26-3B21EF68F686}.Release|Any CPU.ActiveCfg = Release|Any CPU
		{92317229-8943-4999-AF26-3B21EF68F686}.Release|Any CPU.Build.0 = Release|Any CPU
		{75C358F1-3758-496A-9007-7414EE6E5FE7}.Debug|Any CPU.ActiveCfg = Debug|Any CPU
		{75C358F1-3758-496A-9007-7414EE6E5FE7}.Debug|Any CPU.Build.0 = Debug|Any CPU
		{75C358F1-3758-496A-9007-7414EE6E5FE7}.Release|Any CPU.ActiveCfg = Release|Any CPU
		{75C358F1-3758-496A-9007-7414EE6E5FE7}.Release|Any CPU.Build.0 = Release|Any CPU
	EndGlobalSection
	GlobalSection(SolutionProperties) = preSolution
		HideSolutionNode = FALSE
	EndGlobalSection
	GlobalSection(ExtensibilityGlobals) = postSolution
		SolutionGuid = {A72A147E-6427-4FD4-8E1B-FC3CFED176AA}
	EndGlobalSection
EndGlobal
