
Microsoft Visual Studio Solution File, Format Version 12.00
# Visual Studio Version 16
VisualStudioVersion = 16.0.28803.156
MinimumVisualStudioVersion = 10.0.40219.1
Project("{FAE04EC0-301F-11D3-BF4B-00C04F79EFBC}") = "Base", "Base\Base.csproj", "{692AB9F8-A0E5-4EF9-9246-460FBAD9497D}"
EndProject
Global
	GlobalSection(SolutionConfigurationPlatforms) = preSolution
		Debug|Any CPU = Debug|Any CPU
		Release|Any CPU = Release|Any CPU
	EndGlobalSection
	GlobalSection(ProjectConfigurationPlatforms) = postSolution
		{692AB9F8-A0E5-4EF9-9246-460FBAD9497D}.Debug|Any CPU.ActiveCfg = Debug|Any CPU
		{692AB9F8-A0E5-4EF9-9246-460FBAD9497D}.Debug|Any CPU.Build.0 = Debug|Any CPU
		{692AB9F8-A0E5-4EF9-9246-460FBAD9497D}.Release|Any CPU.ActiveCfg = Release|Any CPU
		{692AB9F8-A0E5-4EF9-9246-460FBAD9497D}.Release|Any CPU.Build.0 = Release|Any CPU
	EndGlobalSection
	GlobalSection(SolutionProperties) = preSolution
		HideSolutionNode = FALSE
	EndGlobalSection
	GlobalSection(ExtensibilityGlobals) = postSolution
		SolutionGuid = {CDAACB11-3377-4190-810C-2101782C1AFE}
	EndGlobalSection
EndGlobal
