
Microsoft Visual Studio Solution File, Format Version 12.00
# Visual Studio Version 16
VisualStudioVersion = 16.0.28621.142
MinimumVisualStudioVersion = 10.0.40219.1
Project("{9A19103F-16F7-4668-BE54-9A1E7A4F7556}") = "Api", "Api\Api.csproj", "{1251BA3E-CC77-47F9-98F6-688042C41FAC}"
EndProject
Project("{9A19103F-16F7-4668-BE54-9A1E7A4F7556}") = "Test", "Test\Test.csproj", "{AE4F4D2A-7A0F-4E0D-8497-329EF350B62C}"
EndProject
Project("{9A19103F-16F7-4668-BE54-9A1E7A4F7556}") = "DataModel", "DataModel\DataModel.csproj", "{9265767E-AC66-450E-91A7-FD347BFEA971}"
EndProject
Project("{9A19103F-16F7-4668-BE54-9A1E7A4F7556}") = "MicroserviceTestBase", "..\Base\MicroserviceTestBase\MicroserviceTestBase.csproj", "{1C899FDA-C6B4-42C0-8102-A24C7503A4AB}"
EndProject
Project("{9A19103F-16F7-4668-BE54-9A1E7A4F7556}") = "MicroserviceBase", "..\Base\MicroserviceBase\MicroserviceBase.csproj", "{E6C4C1B6-33E9-4074-9F8B-EDE8FF097B1E}"
EndProject
Global
	GlobalSection(SolutionConfigurationPlatforms) = preSolution
		Debug|Any CPU = Debug|Any CPU
		Release|Any CPU = Release|Any CPU
	EndGlobalSection
	GlobalSection(ProjectConfigurationPlatforms) = postSolution
		{1251BA3E-CC77-47F9-98F6-688042C41FAC}.Debug|Any CPU.ActiveCfg = Debug|Any CPU
		{1251BA3E-CC77-47F9-98F6-688042C41FAC}.Debug|Any CPU.Build.0 = Debug|Any CPU
		{1251BA3E-CC77-47F9-98F6-688042C41FAC}.Release|Any CPU.ActiveCfg = Release|Any CPU
		{1251BA3E-CC77-47F9-98F6-688042C41FAC}.Release|Any CPU.Build.0 = Release|Any CPU
		{AE4F4D2A-7A0F-4E0D-8497-329EF350B62C}.Debug|Any CPU.ActiveCfg = Debug|Any CPU
		{AE4F4D2A-7A0F-4E0D-8497-329EF350B62C}.Debug|Any CPU.Build.0 = Debug|Any CPU
		{AE4F4D2A-7A0F-4E0D-8497-329EF350B62C}.Release|Any CPU.ActiveCfg = Release|Any CPU
		{AE4F4D2A-7A0F-4E0D-8497-329EF350B62C}.Release|Any CPU.Build.0 = Release|Any CPU
		{9265767E-AC66-450E-91A7-FD347BFEA971}.Debug|Any CPU.ActiveCfg = Debug|Any CPU
		{9265767E-AC66-450E-91A7-FD347BFEA971}.Debug|Any CPU.Build.0 = Debug|Any CPU
		{9265767E-AC66-450E-91A7-FD347BFEA971}.Release|Any CPU.ActiveCfg = Release|Any CPU
		{9265767E-AC66-450E-91A7-FD347BFEA971}.Release|Any CPU.Build.0 = Release|Any CPU
		{1C899FDA-C6B4-42C0-8102-A24C7503A4AB}.Debug|Any CPU.ActiveCfg = Debug|Any CPU
		{1C899FDA-C6B4-42C0-8102-A24C7503A4AB}.Debug|Any CPU.Build.0 = Debug|Any CPU
		{1C899FDA-C6B4-42C0-8102-A24C7503A4AB}.Release|Any CPU.ActiveCfg = Release|Any CPU
		{1C899FDA-C6B4-42C0-8102-A24C7503A4AB}.Release|Any CPU.Build.0 = Release|Any CPU
		{E6C4C1B6-33E9-4074-9F8B-EDE8FF097B1E}.Debug|Any CPU.ActiveCfg = Debug|Any CPU
		{E6C4C1B6-33E9-4074-9F8B-EDE8FF097B1E}.Debug|Any CPU.Build.0 = Debug|Any CPU
		{E6C4C1B6-33E9-4074-9F8B-EDE8FF097B1E}.Release|Any CPU.ActiveCfg = Release|Any CPU
		{E6C4C1B6-33E9-4074-9F8B-EDE8FF097B1E}.Release|Any CPU.Build.0 = Release|Any CPU
	EndGlobalSection
	GlobalSection(SolutionProperties) = preSolution
		HideSolutionNode = FALSE
	EndGlobalSection
	GlobalSection(ExtensibilityGlobals) = postSolution
		SolutionGuid = {4851D667-7DEA-4251-995F-F82D1BC93FEE}
	EndGlobalSection
EndGlobal
