
Microsoft Visual Studio Solution File, Format Version 12.00
# Visual Studio Version 16
VisualStudioVersion = 16.0.29418.71
MinimumVisualStudioVersion = 10.0.40219.1
Project("{9A19103F-16F7-4668-BE54-9A1E7A4F7556}") = "MessagesService", "MessagesService\MessagesService.csproj", "{2876B0E7-3E4A-47D9-8AE1-C7148AC7E670}"
EndProject
Project("{9A19103F-16F7-4668-BE54-9A1E7A4F7556}") = "DataModel", "DataModel\DataModel.csproj", "{972E413A-1360-4188-8A9C-9D1F46E8011D}"
EndProject
Project("{9A19103F-16F7-4668-BE54-9A1E7A4F7556}") = "Events", "..\Events\Events.csproj", "{64E2B80E-6E68-489D-81F0-8DDBF34C62C6}"
EndProject
Project("{9A19103F-16F7-4668-BE54-9A1E7A4F7556}") = "Infrastructure", "..\..\Infrastructure\Infrastructure.csproj", "{C4262F93-063D-4AC7-8CBC-15024F3E4790}"
EndProject
Global
	GlobalSection(SolutionConfigurationPlatforms) = preSolution
		Debug|Any CPU = Debug|Any CPU
		Release|Any CPU = Release|Any CPU
	EndGlobalSection
	GlobalSection(ProjectConfigurationPlatforms) = postSolution
		{2876B0E7-3E4A-47D9-8AE1-C7148AC7E670}.Debug|Any CPU.ActiveCfg = Debug|Any CPU
		{2876B0E7-3E4A-47D9-8AE1-C7148AC7E670}.Debug|Any CPU.Build.0 = Debug|Any CPU
		{2876B0E7-3E4A-47D9-8AE1-C7148AC7E670}.Release|Any CPU.ActiveCfg = Release|Any CPU
		{2876B0E7-3E4A-47D9-8AE1-C7148AC7E670}.Release|Any CPU.Build.0 = Release|Any CPU
		{972E413A-1360-4188-8A9C-9D1F46E8011D}.Debug|Any CPU.ActiveCfg = Debug|Any CPU
		{972E413A-1360-4188-8A9C-9D1F46E8011D}.Debug|Any CPU.Build.0 = Debug|Any CPU
		{972E413A-1360-4188-8A9C-9D1F46E8011D}.Release|Any CPU.ActiveCfg = Release|Any CPU
		{972E413A-1360-4188-8A9C-9D1F46E8011D}.Release|Any CPU.Build.0 = Release|Any CPU
		{64E2B80E-6E68-489D-81F0-8DDBF34C62C6}.Debug|Any CPU.ActiveCfg = Debug|Any CPU
		{64E2B80E-6E68-489D-81F0-8DDBF34C62C6}.Debug|Any CPU.Build.0 = Debug|Any CPU
		{64E2B80E-6E68-489D-81F0-8DDBF34C62C6}.Release|Any CPU.ActiveCfg = Release|Any CPU
		{64E2B80E-6E68-489D-81F0-8DDBF34C62C6}.Release|Any CPU.Build.0 = Release|Any CPU
		{C4262F93-063D-4AC7-8CBC-15024F3E4790}.Debug|Any CPU.ActiveCfg = Debug|Any CPU
		{C4262F93-063D-4AC7-8CBC-15024F3E4790}.Debug|Any CPU.Build.0 = Debug|Any CPU
		{C4262F93-063D-4AC7-8CBC-15024F3E4790}.Release|Any CPU.ActiveCfg = Release|Any CPU
		{C4262F93-063D-4AC7-8CBC-15024F3E4790}.Release|Any CPU.Build.0 = Release|Any CPU
	EndGlobalSection
	GlobalSection(SolutionProperties) = preSolution
		HideSolutionNode = FALSE
	EndGlobalSection
	GlobalSection(ExtensibilityGlobals) = postSolution
		SolutionGuid = {94B1CD39-91DC-4E66-A602-4C44E93348B1}
	EndGlobalSection
EndGlobal
